{
  "version": 4,
  "terraform_version": "1.0.5",
  "serial": 60,
  "lineage": "0f3a795f-7b6f-1efb-71e9-6414ff7d4958",
  "outputs": {
    "instance_public_ip": {
      "value": "52.170.103.93",
      "type": "string"
    },
    "tls_private_key": {
      "value": "-----BEGIN RSA PRIVATE KEY-----\nMIIJJwIBAAKCAgEAuzbRgsMrSvLkGABij2eOD/t8aotoTluU9TqMXEr3jeOp4YjX\nDdKYSTYP7mCIJfOmZGXOkDCdiS7KKckfRblx6IFaYYzdz1mJaYE2km/MVADhFSo6\n/Z6h2SkWpoNKvIb5WVmyOLr926yO7VJgj9z8C9YP1X8qgoCIjPuq47AJ1Fn3z/Vt\nDzIviszq3S6QFMNDs0b+s+z2pKdPO6VsZNRl7+QIU0j5MkumgqEeyex8nOc9K0GX\ndo7EjFzpsLnqAMUm3L/N4Iy1ZIed37Xn4DeoFTinypN0yN0FDMBOpfjsAMr3FLqm\nQ/IiBRmIn5lhsCOe9vPWYczxfRnloCrp2YAbUKv46aGsIEBnlLIjUyMTjvRF8psb\nhS0qNfpCayl778MduvKpV+yXDWiMy89AHBo1DJgJnQYuAK+iIGcNEdPVktEAk4NX\nTT1t00FtrFyJZuy3FQiuzvgaQXsi+S5SAVhzw2z2X2hKyuwJeBciqla4kYg4ghGP\njROmopVyPPUp8dPqHXVgHf964JK0sFgQBmx8k92SVBEjGDopCxd4KBbyRbhHFqNa\n7KFEHDidW4lBiueDLzVvTunvqf3sQWWYd3cTTtZfUZIayFy5c9aYIK1Tm8YpBex8\nHYNS3LE7GEEivc+M01Azuu58hW3FZaIKBXp2lbYd5l02roVMNYPYK8ekQGkCAwEA\nAQKCAgBM90F078XZnze0wlvCtwEJgwtoRf3Q0QfRNYvE2bEibSlHJlm7PgwLdSVh\ni+ANMjkC53PfhY0Oe+Ty/tNTd+TjgGJm3mHGP/olHNERrNKk6mOerujnoZLKU4ET\nXcCY9yiF2kFR31ZEPJHZ8VbvbhtUxmFmFUylsC/zPffIeXPhEEe4AB8g8zHmb05T\nNjRXxNsNVi+aSt4vXPVPATgpz8REtkvR6ZtBWSaQZ6rfutCUNODJ6sJZJGKbjgso\n85XHUUYj1NrP6Skdtj9qXD+Cx37bkpowxyRo+6x6zIjI5SgpP0gLBp0aK+5eiFvJ\nuWYW4t4UirRlKrtRAheMHHhdSbRwZqej9jZkk9vTGpo/Le27NF68nxejriW4x6jN\nICHTQMtTcT2cHgEAAC1lD3OtpYH5iRHAUr8wqA9AlfDRi1Et0oywYf8BXMyG4xNi\nlmrKCEIss8RKALlenGTKS2MtLIpdvbd3mBFY2TZcll0asOG9IVrqmNLS98EoHqiN\nu1Syfq0+c43TCqOwWfblZS6jB1z8RyrED0pC+H0WSpW56iQ4YlActvbvDJ7qOG/x\nJ4xzWN8nYG3qBdLupTLsP0XNS+BFlzD6+0+2NxiDOt5eYg89Jgp4DB95IUgXEkkb\n2icUI7HLmyKD2ajsO+NdqMK4WChoOLep1ReBvmrNGM7KqznErQKCAQEAztxXb/md\nMOm4oIuVJ9TudYiHF7/WXdKNAGDxkraQLVONuN1Lnx2vbw3/e0say6pHFhByp920\nRwe3DLymRhWe+uYfYp98xx0u4xbawApZcuQgC3cKQeGdFRLNeT46w21GVs68+7gw\n6xXn7KoyLhrLuxUdmYMTYlMp+UGUdBj9jMowTKoxS4CHDiw+BdU23htIeKVg2X9I\nVkcikCFRFa9eyRmFrigcKIrpYswZFbN8E2v8nqZJyEFZnB0mA3boIleSK0jsJyLU\ndDPA9hT2BUkb4z6RSiAEcgeUR43F6EjnQwL9QmpFX4nCujNL0Z6VdjFLegjaH+QA\necPj6mqbiJS4jwKCAQEA56+5ng8bQPjKejEeOIo4TNt+D86zfwgV2cKRiJEQUT/o\ncr+xUc5A+WWDJgdyWEjlnO0ru13reyQ8GFnBavehU9nyxG906D1RpHLLZjEAsiNB\nP8HY05FnAvB1IjA/GjQLu304rSe6ot17xMm8S1mPnPcKKzStqR2UYBiPAM0FFR7e\n2gQqBYXQOUdIFgvyeW3UmFQYvQdqC6fFPjmF2oDWbz6aLG8tcFpYoQZ7SPG65fe+\nwnrk4sWKcdoJ+/EKJDaMqYE61rMvY8dhOgVMHeRn6U30c+u4hlT7B1gI1zZrFrXf\neHWn4HuwMbn5Pd1D2F3M46IrQUDdtJtzMOSh2j7DhwKCAQByUK/9UGs+0ZpXFmwK\nBBD3YMiPJlOXq7iCIhC97CfG9KqYI6sbtnLxo0GxZ/LZ5DK+jb5e6BUtP6U347Tb\nfC1MKAnmHY7+FjGIC2Q9xjpiVJEk5NcFS2HceHSWcP5Wazf41uz3CnX2JDfzwKZU\ndjhqHaQq5pW6u4yxkz0v33OW71E7vL3bJJ7+BRMNdCOLIHavPW1FJKLcExmVnuPJ\nYQ23gmQutznAaevJzlJ6fKKvtPh40BpsETktHaqZNYfZGp3LT9Q5WHUh9kvHchP3\nHczMixINbZ4nSer2k/FviYJLtQYyQrotrtquvZRDtiiQlXNJcETiZMSihc+ZBusG\n0nEfAoIBAHw7AHedOArlnIRatA6zJq8nfnfxaNPzvOuv5aNpzWsTrotg+C6aPsK7\nyM/qbEikheJYVfu4x5yW+FZCQnEd6PZyRjdIYFJrFszr9N6N5gae2szaH26KZ8bu\nspAreJqPT78vzOUkCXJs+oGxfnKUymnrGRvDul6VCstgP8W5KUGC9RHH69RcRSOB\nckjIDTNJThaD+WPahuVLB3tvErPwI4sw8TBkSOQWvbFSLWcWnxXSewoDJZnnPG4B\n8RqTy9FRIql9LtSS7hU9goe+8WqR35n8/9fsjFwTUytD7DGh71gVG4eW5vZ6vCZd\nxySB8XAiE8v3V+Q8aOT/+Ys8/QBuaR8CggEAKpfjMFlLhVWLM8pXZrLXQucqKNyd\njY+ZEaeznCfntne5E6IaSRiNb/tS75DGbBM8XOq7v99GXGWwGgKISrfif7NbzRFD\ny2OEGpNO67jZpewSLYxY84NcuKwGvSmz+kTA+2+ssLo6dAujTerHe2bKTV0JImj3\nF0n8jsiztw9HeovlfqywuWWQoxOM6Aftwm3axSZdcoCBxgYvm5DVAKOe29m+fkIJ\nAV8QPZ4vyQ3+gtrQSC5UR3BJ1H4FDGMSjGKisGrCy80tZp6ur5hK4UTtmLcwRvXo\nO7Bi7brROZprKEM60yne0rdwzAtw1mmdTCeckqzU/O8o9aOjsGvrFnF3EQ==\n-----END RSA PRIVATE KEY-----\n",
      "type": "string",
      "sensitive": true
    }
  },
  "resources": [
    {
      "mode": "managed",
      "type": "azurerm_linux_virtual_machine",
      "name": "myterraformvm",
      "provider": "provider[\"registry.terraform.io/hashicorp/azurerm\"]",
      "instances": [
        {
          "schema_version": 0,
          "attributes": {
            "additional_capabilities": [],
            "admin_password": null,
            "admin_ssh_key": [
              {
                "public_key": "ssh-rsa AAAAB3NzaC1yc2EAAAADAQABAAACAQC7NtGCwytK8uQYAGKPZ44P+3xqi2hOW5T1OoxcSveN46nhiNcN0phJNg/uYIgl86ZkZc6QMJ2JLsopyR9FuXHogVphjN3PWYlpgTaSb8xUAOEVKjr9nqHZKRamg0q8hvlZWbI4uv3brI7tUmCP3PwL1g/VfyqCgIiM+6rjsAnUWffP9W0PMi+KzOrdLpAUw0OzRv6z7Pakp087pWxk1GXv5AhTSPkyS6aCoR7J7Hyc5z0rQZd2jsSMXOmwueoAxSbcv83gjLVkh53ftefgN6gVOKfKk3TI3QUMwE6l+OwAyvcUuqZD8iIFGYifmWGwI57289ZhzPF9GeWgKunZgBtQq/jpoawgQGeUsiNTIxOO9EXymxuFLSo1+kJrKXvvwx268qlX7JcNaIzLz0AcGjUMmAmdBi4Ar6IgZw0R09WS0QCTg1dNPW3TQW2sXIlm7LcVCK7O+BpBeyL5LlIBWHPDbPZfaErK7Al4FyKqVriRiDiCEY+NE6ailXI89Snx0+oddWAd/3rgkrSwWBAGbHyT3ZJUESMYOikLF3goFvJFuEcWo1rsoUQcOJ1biUGK54MvNW9O6e+p/exBZZh3dxNO1l9RkhrIXLlz1pggrVObxikF7Hwdg1LcsTsYQSK9z4zTUDO67nyFbcVlogoFenaVth3mXTauhUw1g9grx6RAaQ==\n",
                "username": "azureuser"
              }
            ],
            "admin_username": "azureuser",
            "allow_extension_operations": true,
            "availability_set_id": "",
            "boot_diagnostics": [
              {
                "storage_account_uri": "https://diagdb5c0e04e61c1d5f.blob.core.windows.net/"
              }
            ],
            "computer_name": "myvm",
            "custom_data": null,
            "dedicated_host_id": "",
            "disable_password_authentication": true,
            "encryption_at_host_enabled": false,
            "eviction_policy": "",
            "extensions_time_budget": "PT1H30M",
            "id": "/subscriptions/aa8a0296-59a5-41e8-a68c-10f89728669a/resourceGroups/myResourceGroup/providers/Microsoft.Compute/virtualMachines/myVM",
            "identity": [],
            "license_type": "",
            "location": "eastus",
            "max_bid_price": -1,
            "name": "myVM",
            "network_interface_ids": [
              "/subscriptions/aa8a0296-59a5-41e8-a68c-10f89728669a/resourceGroups/myResourceGroup/providers/Microsoft.Network/networkInterfaces/myNIC"
            ],
            "os_disk": [
              {
                "caching": "ReadWrite",
                "diff_disk_settings": [],
                "disk_encryption_set_id": "",
                "disk_size_gb": 30,
                "name": "myOsDisk",
                "storage_account_type": "Premium_LRS",
                "write_accelerator_enabled": false
              }
            ],
            "plan": [],
            "platform_fault_domain": -1,
            "priority": "Regular",
            "private_ip_address": "10.0.1.4",
            "private_ip_addresses": [
              "10.0.1.4"
            ],
            "provision_vm_agent": true,
            "proximity_placement_group_id": "",
            "public_ip_address": "52.170.103.93",
            "public_ip_addresses": [
              "52.170.103.93"
            ],
            "resource_group_name": "myResourceGroup",
            "secret": [],
            "size": "Standard_DS1_v2",
            "source_image_id": "",
            "source_image_reference": [
              {
                "offer": "0001-com-ubuntu-minimal-focal-daily",
                "publisher": "Canonical",
                "sku": "minimal-20_04-daily-lts",
                "version": "latest"
              }
            ],
            "tags": {
              "environment": "Terraform Demo"
            },
            "timeouts": null,
            "virtual_machine_id": "f5f6810c-dd49-4968-83a8-6eb912a87511",
            "virtual_machine_scale_set_id": "",
            "zone": ""
          },
          "sensitive_attributes": [],
          "private": "eyJlMmJmYjczMC1lY2FhLTExZTYtOGY4OC0zNDM2M2JjN2M0YzAiOnsiY3JlYXRlIjoyNzAwMDAwMDAwMDAwLCJkZWxldGUiOjI3MDAwMDAwMDAwMDAsInJlYWQiOjMwMDAwMDAwMDAwMCwidXBkYXRlIjoyNzAwMDAwMDAwMDAwfX0=",
          "dependencies": [
            "random_id.randomId",
            "tls_private_key.example_ssh",
            "azurerm_network_interface.myterraformnic",
            "azurerm_public_ip.myterraformpublicip",
            "azurerm_resource_group.myterraformgroup",
            "azurerm_storage_account.mystorageaccount",
            "azurerm_subnet.myterraformsubnet",
            "azurerm_virtual_network.myterraformnetwork"
          ]
        }
      ]
    },
    {
      "mode": "managed",
      "type": "azurerm_network_interface",
      "name": "myterraformnic",
      "provider": "provider[\"registry.terraform.io/hashicorp/azurerm\"]",
      "instances": [
        {
          "schema_version": 0,
          "attributes": {
            "applied_dns_servers": [],
            "dns_servers": [],
            "enable_accelerated_networking": false,
            "enable_ip_forwarding": false,
            "id": "/subscriptions/aa8a0296-59a5-41e8-a68c-10f89728669a/resourceGroups/myResourceGroup/providers/Microsoft.Network/networkInterfaces/myNIC",
            "internal_dns_name_label": "",
            "internal_domain_name_suffix": "a0glcm32b4cuxkxslqjxbvpjmg.bx.internal.cloudapp.net",
            "ip_configuration": [
              {
                "name": "myNicConfiguration",
                "primary": true,
                "private_ip_address": "10.0.1.4",
                "private_ip_address_allocation": "Dynamic",
                "private_ip_address_version": "IPv4",
                "public_ip_address_id": "/subscriptions/aa8a0296-59a5-41e8-a68c-10f89728669a/resourceGroups/myResourceGroup/providers/Microsoft.Network/publicIPAddresses/myPublicIP",
                "subnet_id": "/subscriptions/aa8a0296-59a5-41e8-a68c-10f89728669a/resourceGroups/myResourceGroup/providers/Microsoft.Network/virtualNetworks/myVnet/subnets/mySubnet"
              }
            ],
            "location": "eastus",
            "mac_address": "00-0D-3A-8C-CB-C4",
            "name": "myNIC",
            "private_ip_address": "10.0.1.4",
            "private_ip_addresses": [
              "10.0.1.4"
            ],
            "resource_group_name": "myResourceGroup",
            "tags": {
              "environment": "Terraform Demo"
            },
            "timeouts": null,
            "virtual_machine_id": "/subscriptions/aa8a0296-59a5-41e8-a68c-10f89728669a/resourceGroups/myResourceGroup/providers/Microsoft.Compute/virtualMachines/myVM"
          },
          "sensitive_attributes": [],
          "private": "eyJlMmJmYjczMC1lY2FhLTExZTYtOGY4OC0zNDM2M2JjN2M0YzAiOnsiY3JlYXRlIjoxODAwMDAwMDAwMDAwLCJkZWxldGUiOjE4MDAwMDAwMDAwMDAsInJlYWQiOjMwMDAwMDAwMDAwMCwidXBkYXRlIjoxODAwMDAwMDAwMDAwfX0=",
          "dependencies": [
            "azurerm_public_ip.myterraformpublicip",
            "azurerm_resource_group.myterraformgroup",
            "azurerm_subnet.myterraformsubnet",
            "azurerm_virtual_network.myterraformnetwork"
          ]
        }
      ]
    },
    {
      "mode": "managed",
      "type": "azurerm_network_interface_security_group_association",
      "name": "example",
      "provider": "provider[\"registry.terraform.io/hashicorp/azurerm\"]",
      "instances": [
        {
          "schema_version": 0,
          "attributes": {
            "id": "/subscriptions/aa8a0296-59a5-41e8-a68c-10f89728669a/resourceGroups/myResourceGroup/providers/Microsoft.Network/networkInterfaces/myNIC|/subscriptions/aa8a0296-59a5-41e8-a68c-10f89728669a/resourceGroups/myResourceGroup/providers/Microsoft.Network/networkSecurityGroups/myNetworkSecurityGroup",
            "network_interface_id": "/subscriptions/aa8a0296-59a5-41e8-a68c-10f89728669a/resourceGroups/myResourceGroup/providers/Microsoft.Network/networkInterfaces/myNIC",
            "network_security_group_id": "/subscriptions/aa8a0296-59a5-41e8-a68c-10f89728669a/resourceGroups/myResourceGroup/providers/Microsoft.Network/networkSecurityGroups/myNetworkSecurityGroup",
            "timeouts": null
          },
          "sensitive_attributes": [],
          "private": "eyJlMmJmYjczMC1lY2FhLTExZTYtOGY4OC0zNDM2M2JjN2M0YzAiOnsiY3JlYXRlIjoxODAwMDAwMDAwMDAwLCJkZWxldGUiOjE4MDAwMDAwMDAwMDAsInJlYWQiOjMwMDAwMDAwMDAwMCwidXBkYXRlIjoxODAwMDAwMDAwMDAwfX0=",
          "dependencies": [
            "azurerm_public_ip.myterraformpublicip",
            "azurerm_resource_group.myterraformgroup",
            "azurerm_subnet.myterraformsubnet",
            "azurerm_virtual_network.myterraformnetwork",
            "azurerm_network_interface.myterraformnic",
            "azurerm_network_security_group.myterraformnsg"
          ]
        }
      ]
    },
    {
      "mode": "managed",
      "type": "azurerm_network_security_group",
      "name": "myterraformnsg",
      "provider": "provider[\"registry.terraform.io/hashicorp/azurerm\"]",
      "instances": [
        {
          "schema_version": 0,
          "attributes": {
            "id": "/subscriptions/aa8a0296-59a5-41e8-a68c-10f89728669a/resourceGroups/myResourceGroup/providers/Microsoft.Network/networkSecurityGroups/myNetworkSecurityGroup",
            "location": "eastus",
            "name": "myNetworkSecurityGroup",
            "resource_group_name": "myResourceGroup",
            "security_rule": [
              {
                "access": "Allow",
                "description": "",
                "destination_address_prefix": "*",
                "destination_address_prefixes": [],
                "destination_application_security_group_ids": [],
                "destination_port_range": "22",
                "destination_port_ranges": [],
                "direction": "Inbound",
                "name": "SSH",
                "priority": 1001,
                "protocol": "Tcp",
                "source_address_prefix": "*",
                "source_address_prefixes": [],
                "source_application_security_group_ids": [],
                "source_port_range": "*",
                "source_port_ranges": []
              }
            ],
            "tags": {
              "environment": "Terraform Demo"
            },
            "timeouts": null
          },
          "sensitive_attributes": [],
          "private": "eyJlMmJmYjczMC1lY2FhLTExZTYtOGY4OC0zNDM2M2JjN2M0YzAiOnsiY3JlYXRlIjoxODAwMDAwMDAwMDAwLCJkZWxldGUiOjE4MDAwMDAwMDAwMDAsInJlYWQiOjMwMDAwMDAwMDAwMCwidXBkYXRlIjoxODAwMDAwMDAwMDAwfX0=",
          "dependencies": [
            "azurerm_resource_group.myterraformgroup"
          ]
        }
      ]
    },
    {
      "mode": "managed",
      "type": "azurerm_public_ip",
      "name": "myterraformpublicip",
      "provider": "provider[\"registry.terraform.io/hashicorp/azurerm\"]",
      "instances": [
        {
          "schema_version": 0,
          "attributes": {
            "allocation_method": "Dynamic",
            "availability_zone": "No-Zone",
            "domain_name_label": null,
            "fqdn": null,
            "id": "/subscriptions/aa8a0296-59a5-41e8-a68c-10f89728669a/resourceGroups/myResourceGroup/providers/Microsoft.Network/publicIPAddresses/myPublicIP",
            "idle_timeout_in_minutes": 4,
            "ip_address": "52.170.103.93",
            "ip_tags": {},
            "ip_version": "IPv4",
            "location": "eastus",
            "name": "myPublicIP",
            "public_ip_prefix_id": null,
            "resource_group_name": "myResourceGroup",
            "reverse_fqdn": null,
            "sku": "Basic",
            "sku_tier": "Regional",
            "tags": {
              "environment": "Terraform Demo"
            },
            "timeouts": null,
            "zones": []
          },
          "sensitive_attributes": [],
          "private": "eyJlMmJmYjczMC1lY2FhLTExZTYtOGY4OC0zNDM2M2JjN2M0YzAiOnsiY3JlYXRlIjoxODAwMDAwMDAwMDAwLCJkZWxldGUiOjE4MDAwMDAwMDAwMDAsInJlYWQiOjMwMDAwMDAwMDAwMCwidXBkYXRlIjoxODAwMDAwMDAwMDAwfX0=",
          "dependencies": [
            "azurerm_resource_group.myterraformgroup"
          ]
        }
      ]
    },
    {
      "mode": "managed",
      "type": "azurerm_resource_group",
      "name": "myterraformgroup",
      "provider": "provider[\"registry.terraform.io/hashicorp/azurerm\"]",
      "instances": [
        {
          "schema_version": 0,
          "attributes": {
            "id": "/subscriptions/aa8a0296-59a5-41e8-a68c-10f89728669a/resourceGroups/myResourceGroup",
            "location": "eastus",
            "name": "myResourceGroup",
            "tags": {
              "environment": "Terraform Demo"
            },
            "timeouts": null
          },
          "sensitive_attributes": [],
          "private": "eyJlMmJmYjczMC1lY2FhLTExZTYtOGY4OC0zNDM2M2JjN2M0YzAiOnsiY3JlYXRlIjo1NDAwMDAwMDAwMDAwLCJkZWxldGUiOjU0MDAwMDAwMDAwMDAsInJlYWQiOjMwMDAwMDAwMDAwMCwidXBkYXRlIjo1NDAwMDAwMDAwMDAwfX0="
        }
      ]
    },
    {
      "mode": "managed",
      "type": "azurerm_storage_account",
      "name": "mystorageaccount",
      "provider": "provider[\"registry.terraform.io/hashicorp/azurerm\"]",
      "instances": [
        {
          "schema_version": 2,
          "attributes": {
            "access_tier": "Hot",
            "account_kind": "StorageV2",
            "account_replication_type": "LRS",
            "account_tier": "Standard",
            "allow_blob_public_access": false,
            "azure_files_authentication": [],
            "blob_properties": [
              {
                "change_feed_enabled": false,
                "container_delete_retention_policy": [],
                "cors_rule": [],
                "default_service_version": "",
                "delete_retention_policy": [],
                "last_access_time_enabled": false,
                "versioning_enabled": false
              }
            ],
            "custom_domain": [],
            "enable_https_traffic_only": true,
            "id": "/subscriptions/aa8a0296-59a5-41e8-a68c-10f89728669a/resourceGroups/myResourceGroup/providers/Microsoft.Storage/storageAccounts/diagdb5c0e04e61c1d5f",
            "identity": [],
            "is_hns_enabled": false,
            "large_file_share_enabled": null,
            "location": "eastus",
            "min_tls_version": "TLS1_0",
            "name": "diagdb5c0e04e61c1d5f",
            "network_rules": [
              {
                "bypass": [
                  "AzureServices"
                ],
                "default_action": "Allow",
                "ip_rules": [],
                "private_link_access": [],
                "virtual_network_subnet_ids": []
              }
            ],
            "nfsv3_enabled": false,
            "primary_access_key": "EbvCkfp2ptBNnFYN2WcE68WWjjCUAJzHfE1754TNydQkpiwpy8Om8dXdzcKE2LKiz+EfF0IFZhZCCawiDiKalQ==",
            "primary_blob_connection_string": "DefaultEndpointsProtocol=https;BlobEndpoint=https://diagdb5c0e04e61c1d5f.blob.core.windows.net/;AccountName=diagdb5c0e04e61c1d5f;AccountKey=EbvCkfp2ptBNnFYN2WcE68WWjjCUAJzHfE1754TNydQkpiwpy8Om8dXdzcKE2LKiz+EfF0IFZhZCCawiDiKalQ==",
            "primary_blob_endpoint": "https://diagdb5c0e04e61c1d5f.blob.core.windows.net/",
            "primary_blob_host": "diagdb5c0e04e61c1d5f.blob.core.windows.net",
            "primary_connection_string": "DefaultEndpointsProtocol=https;AccountName=diagdb5c0e04e61c1d5f;AccountKey=EbvCkfp2ptBNnFYN2WcE68WWjjCUAJzHfE1754TNydQkpiwpy8Om8dXdzcKE2LKiz+EfF0IFZhZCCawiDiKalQ==;EndpointSuffix=core.windows.net",
            "primary_dfs_endpoint": "https://diagdb5c0e04e61c1d5f.dfs.core.windows.net/",
            "primary_dfs_host": "diagdb5c0e04e61c1d5f.dfs.core.windows.net",
            "primary_file_endpoint": "https://diagdb5c0e04e61c1d5f.file.core.windows.net/",
            "primary_file_host": "diagdb5c0e04e61c1d5f.file.core.windows.net",
            "primary_location": "eastus",
            "primary_queue_endpoint": "https://diagdb5c0e04e61c1d5f.queue.core.windows.net/",
            "primary_queue_host": "diagdb5c0e04e61c1d5f.queue.core.windows.net",
            "primary_table_endpoint": "https://diagdb5c0e04e61c1d5f.table.core.windows.net/",
            "primary_table_host": "diagdb5c0e04e61c1d5f.table.core.windows.net",
            "primary_web_endpoint": "https://diagdb5c0e04e61c1d5f.z13.web.core.windows.net/",
            "primary_web_host": "diagdb5c0e04e61c1d5f.z13.web.core.windows.net",
            "queue_properties": [
              {
                "cors_rule": [],
                "hour_metrics": [
                  {
                    "enabled": true,
                    "include_apis": true,
                    "retention_policy_days": 7,
                    "version": "1.0"
                  }
                ],
                "logging": [
                  {
                    "delete": false,
                    "read": false,
                    "retention_policy_days": 0,
                    "version": "1.0",
                    "write": false
                  }
                ],
                "minute_metrics": [
                  {
                    "enabled": false,
                    "include_apis": false,
                    "retention_policy_days": 0,
                    "version": "1.0"
                  }
                ]
              }
            ],
            "resource_group_name": "myResourceGroup",
            "routing": [],
            "secondary_access_key": "okVUEyCwbRsjgK4Aw5pB7Rn8SFeOeqzL0g4wmbuq9JaTArEW3d3Oz1vvL2RYzBTH6QPcIaFHKpAd1W2X3pzXug==",
            "secondary_blob_connection_string": "",
            "secondary_blob_endpoint": null,
            "secondary_blob_host": null,
            "secondary_connection_string": "DefaultEndpointsProtocol=https;AccountName=diagdb5c0e04e61c1d5f;AccountKey=okVUEyCwbRsjgK4Aw5pB7Rn8SFeOeqzL0g4wmbuq9JaTArEW3d3Oz1vvL2RYzBTH6QPcIaFHKpAd1W2X3pzXug==;EndpointSuffix=core.windows.net",
            "secondary_dfs_endpoint": null,
            "secondary_dfs_host": null,
            "secondary_file_endpoint": null,
            "secondary_file_host": null,
            "secondary_location": "",
            "secondary_queue_endpoint": null,
            "secondary_queue_host": null,
            "secondary_table_endpoint": null,
            "secondary_table_host": null,
            "secondary_web_endpoint": null,
            "secondary_web_host": null,
            "share_properties": [
              {
                "cors_rule": [],
                "retention_policy": [
                  {
                    "days": 7
                  }
                ],
                "smb": []
              }
            ],
            "shared_access_key_enabled": true,
            "static_website": [],
            "tags": {
              "environment": "Terraform Demo"
            },
            "timeouts": null
          },
          "sensitive_attributes": [],
          "private": "eyJlMmJmYjczMC1lY2FhLTExZTYtOGY4OC0zNDM2M2JjN2M0YzAiOnsiY3JlYXRlIjozNjAwMDAwMDAwMDAwLCJkZWxldGUiOjM2MDAwMDAwMDAwMDAsInJlYWQiOjMwMDAwMDAwMDAwMCwidXBkYXRlIjozNjAwMDAwMDAwMDAwfSwic2NoZW1hX3ZlcnNpb24iOiIyIn0=",
          "dependencies": [
            "azurerm_resource_group.myterraformgroup",
            "random_id.randomId"
          ]
        }
      ]
    },
    {
      "mode": "managed",
      "type": "azurerm_subnet",
      "name": "myterraformsubnet",
      "provider": "provider[\"registry.terraform.io/hashicorp/azurerm\"]",
      "instances": [
        {
          "schema_version": 0,
          "attributes": {
            "address_prefix": "10.0.1.0/24",
            "address_prefixes": [
              "10.0.1.0/24"
            ],
            "delegation": [],
            "enforce_private_link_endpoint_network_policies": false,
            "enforce_private_link_service_network_policies": false,
            "id": "/subscriptions/aa8a0296-59a5-41e8-a68c-10f89728669a/resourceGroups/myResourceGroup/providers/Microsoft.Network/virtualNetworks/myVnet/subnets/mySubnet",
            "name": "mySubnet",
            "resource_group_name": "myResourceGroup",
            "service_endpoint_policy_ids": [],
            "service_endpoints": [],
            "timeouts": null,
            "virtual_network_name": "myVnet"
          },
          "sensitive_attributes": [],
          "private": "eyJlMmJmYjczMC1lY2FhLTExZTYtOGY4OC0zNDM2M2JjN2M0YzAiOnsiY3JlYXRlIjoxODAwMDAwMDAwMDAwLCJkZWxldGUiOjE4MDAwMDAwMDAwMDAsInJlYWQiOjMwMDAwMDAwMDAwMCwidXBkYXRlIjoxODAwMDAwMDAwMDAwfX0=",
          "dependencies": [
            "azurerm_resource_group.myterraformgroup",
            "azurerm_virtual_network.myterraformnetwork"
          ]
        }
      ]
    },
    {
      "mode": "managed",
      "type": "azurerm_virtual_network",
      "name": "myterraformnetwork",
      "provider": "provider[\"registry.terraform.io/hashicorp/azurerm\"]",
      "instances": [
        {
          "schema_version": 0,
          "attributes": {
            "address_space": [
              "10.0.0.0/16"
            ],
            "bgp_community": "",
            "ddos_protection_plan": [],
            "dns_servers": [],
            "guid": "33b18c06-0fbc-4b85-aaf2-5c1370d5e966",
            "id": "/subscriptions/aa8a0296-59a5-41e8-a68c-10f89728669a/resourceGroups/myResourceGroup/providers/Microsoft.Network/virtualNetworks/myVnet",
            "location": "eastus",
            "name": "myVnet",
            "resource_group_name": "myResourceGroup",
            "subnet": [
              {
                "address_prefix": "10.0.1.0/24",
                "id": "/subscriptions/aa8a0296-59a5-41e8-a68c-10f89728669a/resourceGroups/myResourceGroup/providers/Microsoft.Network/virtualNetworks/myVnet/subnets/mySubnet",
                "name": "mySubnet",
                "security_group": ""
              }
            ],
            "tags": {
              "environment": "Terraform Demo"
            },
            "timeouts": null,
            "vm_protection_enabled": false
          },
          "sensitive_attributes": [],
          "private": "eyJlMmJmYjczMC1lY2FhLTExZTYtOGY4OC0zNDM2M2JjN2M0YzAiOnsiY3JlYXRlIjoxODAwMDAwMDAwMDAwLCJkZWxldGUiOjE4MDAwMDAwMDAwMDAsInJlYWQiOjMwMDAwMDAwMDAwMCwidXBkYXRlIjoxODAwMDAwMDAwMDAwfX0=",
          "dependencies": [
            "azurerm_resource_group.myterraformgroup"
          ]
        }
      ]
    },
    {
      "mode": "managed",
      "type": "random_id",
      "name": "randomId",
      "provider": "provider[\"registry.terraform.io/hashicorp/random\"]",
      "instances": [
        {
          "schema_version": 0,
          "attributes": {
            "b64_std": "21wOBOYcHV8=",
            "b64_url": "21wOBOYcHV8",
            "byte_length": 8,
            "dec": "15806524206366858591",
            "hex": "db5c0e04e61c1d5f",
            "id": "21wOBOYcHV8",
            "keepers": {
              "resource_group": "myResourceGroup"
            },
            "prefix": null
          },
          "sensitive_attributes": [],
          "private": "bnVsbA==",
          "dependencies": [
            "azurerm_resource_group.myterraformgroup"
          ]
        }
      ]
    },
    {
      "mode": "managed",
      "type": "tls_private_key",
      "name": "example_ssh",
      "provider": "provider[\"registry.terraform.io/hashicorp/tls\"]",
      "instances": [
        {
          "schema_version": 0,
          "attributes": {
            "algorithm": "RSA",
            "ecdsa_curve": "P224",
            "id": "c81a7e34f3b2844b55986f89e0ebc4b3ce7505a7",
            "private_key_pem": "-----BEGIN RSA PRIVATE KEY-----\nMIIJJwIBAAKCAgEAuzbRgsMrSvLkGABij2eOD/t8aotoTluU9TqMXEr3jeOp4YjX\nDdKYSTYP7mCIJfOmZGXOkDCdiS7KKckfRblx6IFaYYzdz1mJaYE2km/MVADhFSo6\n/Z6h2SkWpoNKvIb5WVmyOLr926yO7VJgj9z8C9YP1X8qgoCIjPuq47AJ1Fn3z/Vt\nDzIviszq3S6QFMNDs0b+s+z2pKdPO6VsZNRl7+QIU0j5MkumgqEeyex8nOc9K0GX\ndo7EjFzpsLnqAMUm3L/N4Iy1ZIed37Xn4DeoFTinypN0yN0FDMBOpfjsAMr3FLqm\nQ/IiBRmIn5lhsCOe9vPWYczxfRnloCrp2YAbUKv46aGsIEBnlLIjUyMTjvRF8psb\nhS0qNfpCayl778MduvKpV+yXDWiMy89AHBo1DJgJnQYuAK+iIGcNEdPVktEAk4NX\nTT1t00FtrFyJZuy3FQiuzvgaQXsi+S5SAVhzw2z2X2hKyuwJeBciqla4kYg4ghGP\njROmopVyPPUp8dPqHXVgHf964JK0sFgQBmx8k92SVBEjGDopCxd4KBbyRbhHFqNa\n7KFEHDidW4lBiueDLzVvTunvqf3sQWWYd3cTTtZfUZIayFy5c9aYIK1Tm8YpBex8\nHYNS3LE7GEEivc+M01Azuu58hW3FZaIKBXp2lbYd5l02roVMNYPYK8ekQGkCAwEA\nAQKCAgBM90F078XZnze0wlvCtwEJgwtoRf3Q0QfRNYvE2bEibSlHJlm7PgwLdSVh\ni+ANMjkC53PfhY0Oe+Ty/tNTd+TjgGJm3mHGP/olHNERrNKk6mOerujnoZLKU4ET\nXcCY9yiF2kFR31ZEPJHZ8VbvbhtUxmFmFUylsC/zPffIeXPhEEe4AB8g8zHmb05T\nNjRXxNsNVi+aSt4vXPVPATgpz8REtkvR6ZtBWSaQZ6rfutCUNODJ6sJZJGKbjgso\n85XHUUYj1NrP6Skdtj9qXD+Cx37bkpowxyRo+6x6zIjI5SgpP0gLBp0aK+5eiFvJ\nuWYW4t4UirRlKrtRAheMHHhdSbRwZqej9jZkk9vTGpo/Le27NF68nxejriW4x6jN\nICHTQMtTcT2cHgEAAC1lD3OtpYH5iRHAUr8wqA9AlfDRi1Et0oywYf8BXMyG4xNi\nlmrKCEIss8RKALlenGTKS2MtLIpdvbd3mBFY2TZcll0asOG9IVrqmNLS98EoHqiN\nu1Syfq0+c43TCqOwWfblZS6jB1z8RyrED0pC+H0WSpW56iQ4YlActvbvDJ7qOG/x\nJ4xzWN8nYG3qBdLupTLsP0XNS+BFlzD6+0+2NxiDOt5eYg89Jgp4DB95IUgXEkkb\n2icUI7HLmyKD2ajsO+NdqMK4WChoOLep1ReBvmrNGM7KqznErQKCAQEAztxXb/md\nMOm4oIuVJ9TudYiHF7/WXdKNAGDxkraQLVONuN1Lnx2vbw3/e0say6pHFhByp920\nRwe3DLymRhWe+uYfYp98xx0u4xbawApZcuQgC3cKQeGdFRLNeT46w21GVs68+7gw\n6xXn7KoyLhrLuxUdmYMTYlMp+UGUdBj9jMowTKoxS4CHDiw+BdU23htIeKVg2X9I\nVkcikCFRFa9eyRmFrigcKIrpYswZFbN8E2v8nqZJyEFZnB0mA3boIleSK0jsJyLU\ndDPA9hT2BUkb4z6RSiAEcgeUR43F6EjnQwL9QmpFX4nCujNL0Z6VdjFLegjaH+QA\necPj6mqbiJS4jwKCAQEA56+5ng8bQPjKejEeOIo4TNt+D86zfwgV2cKRiJEQUT/o\ncr+xUc5A+WWDJgdyWEjlnO0ru13reyQ8GFnBavehU9nyxG906D1RpHLLZjEAsiNB\nP8HY05FnAvB1IjA/GjQLu304rSe6ot17xMm8S1mPnPcKKzStqR2UYBiPAM0FFR7e\n2gQqBYXQOUdIFgvyeW3UmFQYvQdqC6fFPjmF2oDWbz6aLG8tcFpYoQZ7SPG65fe+\nwnrk4sWKcdoJ+/EKJDaMqYE61rMvY8dhOgVMHeRn6U30c+u4hlT7B1gI1zZrFrXf\neHWn4HuwMbn5Pd1D2F3M46IrQUDdtJtzMOSh2j7DhwKCAQByUK/9UGs+0ZpXFmwK\nBBD3YMiPJlOXq7iCIhC97CfG9KqYI6sbtnLxo0GxZ/LZ5DK+jb5e6BUtP6U347Tb\nfC1MKAnmHY7+FjGIC2Q9xjpiVJEk5NcFS2HceHSWcP5Wazf41uz3CnX2JDfzwKZU\ndjhqHaQq5pW6u4yxkz0v33OW71E7vL3bJJ7+BRMNdCOLIHavPW1FJKLcExmVnuPJ\nYQ23gmQutznAaevJzlJ6fKKvtPh40BpsETktHaqZNYfZGp3LT9Q5WHUh9kvHchP3\nHczMixINbZ4nSer2k/FviYJLtQYyQrotrtquvZRDtiiQlXNJcETiZMSihc+ZBusG\n0nEfAoIBAHw7AHedOArlnIRatA6zJq8nfnfxaNPzvOuv5aNpzWsTrotg+C6aPsK7\nyM/qbEikheJYVfu4x5yW+FZCQnEd6PZyRjdIYFJrFszr9N6N5gae2szaH26KZ8bu\nspAreJqPT78vzOUkCXJs+oGxfnKUymnrGRvDul6VCstgP8W5KUGC9RHH69RcRSOB\nckjIDTNJThaD+WPahuVLB3tvErPwI4sw8TBkSOQWvbFSLWcWnxXSewoDJZnnPG4B\n8RqTy9FRIql9LtSS7hU9goe+8WqR35n8/9fsjFwTUytD7DGh71gVG4eW5vZ6vCZd\nxySB8XAiE8v3V+Q8aOT/+Ys8/QBuaR8CggEAKpfjMFlLhVWLM8pXZrLXQucqKNyd\njY+ZEaeznCfntne5E6IaSRiNb/tS75DGbBM8XOq7v99GXGWwGgKISrfif7NbzRFD\ny2OEGpNO67jZpewSLYxY84NcuKwGvSmz+kTA+2+ssLo6dAujTerHe2bKTV0JImj3\nF0n8jsiztw9HeovlfqywuWWQoxOM6Aftwm3axSZdcoCBxgYvm5DVAKOe29m+fkIJ\nAV8QPZ4vyQ3+gtrQSC5UR3BJ1H4FDGMSjGKisGrCy80tZp6ur5hK4UTtmLcwRvXo\nO7Bi7brROZprKEM60yne0rdwzAtw1mmdTCeckqzU/O8o9aOjsGvrFnF3EQ==\n-----END RSA PRIVATE KEY-----\n",
            "public_key_fingerprint_md5": "87:ff:ca:37:10:3d:96:cc:cf:b9:b6:35:b3:81:45:3b",
            "public_key_openssh": "ssh-rsa AAAAB3NzaC1yc2EAAAADAQABAAACAQC7NtGCwytK8uQYAGKPZ44P+3xqi2hOW5T1OoxcSveN46nhiNcN0phJNg/uYIgl86ZkZc6QMJ2JLsopyR9FuXHogVphjN3PWYlpgTaSb8xUAOEVKjr9nqHZKRamg0q8hvlZWbI4uv3brI7tUmCP3PwL1g/VfyqCgIiM+6rjsAnUWffP9W0PMi+KzOrdLpAUw0OzRv6z7Pakp087pWxk1GXv5AhTSPkyS6aCoR7J7Hyc5z0rQZd2jsSMXOmwueoAxSbcv83gjLVkh53ftefgN6gVOKfKk3TI3QUMwE6l+OwAyvcUuqZD8iIFGYifmWGwI57289ZhzPF9GeWgKunZgBtQq/jpoawgQGeUsiNTIxOO9EXymxuFLSo1+kJrKXvvwx268qlX7JcNaIzLz0AcGjUMmAmdBi4Ar6IgZw0R09WS0QCTg1dNPW3TQW2sXIlm7LcVCK7O+BpBeyL5LlIBWHPDbPZfaErK7Al4FyKqVriRiDiCEY+NE6ailXI89Snx0+oddWAd/3rgkrSwWBAGbHyT3ZJUESMYOikLF3goFvJFuEcWo1rsoUQcOJ1biUGK54MvNW9O6e+p/exBZZh3dxNO1l9RkhrIXLlz1pggrVObxikF7Hwdg1LcsTsYQSK9z4zTUDO67nyFbcVlogoFenaVth3mXTauhUw1g9grx6RAaQ==\n",
            "public_key_pem": "-----BEGIN PUBLIC KEY-----\nMIICIjANBgkqhkiG9w0BAQEFAAOCAg8AMIICCgKCAgEAuzbRgsMrSvLkGABij2eO\nD/t8aotoTluU9TqMXEr3jeOp4YjXDdKYSTYP7mCIJfOmZGXOkDCdiS7KKckfRblx\n6IFaYYzdz1mJaYE2km/MVADhFSo6/Z6h2SkWpoNKvIb5WVmyOLr926yO7VJgj9z8\nC9YP1X8qgoCIjPuq47AJ1Fn3z/VtDzIviszq3S6QFMNDs0b+s+z2pKdPO6VsZNRl\n7+QIU0j5MkumgqEeyex8nOc9K0GXdo7EjFzpsLnqAMUm3L/N4Iy1ZIed37Xn4Deo\nFTinypN0yN0FDMBOpfjsAMr3FLqmQ/IiBRmIn5lhsCOe9vPWYczxfRnloCrp2YAb\nUKv46aGsIEBnlLIjUyMTjvRF8psbhS0qNfpCayl778MduvKpV+yXDWiMy89AHBo1\nDJgJnQYuAK+iIGcNEdPVktEAk4NXTT1t00FtrFyJZuy3FQiuzvgaQXsi+S5SAVhz\nw2z2X2hKyuwJeBciqla4kYg4ghGPjROmopVyPPUp8dPqHXVgHf964JK0sFgQBmx8\nk92SVBEjGDopCxd4KBbyRbhHFqNa7KFEHDidW4lBiueDLzVvTunvqf3sQWWYd3cT\nTtZfUZIayFy5c9aYIK1Tm8YpBex8HYNS3LE7GEEivc+M01Azuu58hW3FZaIKBXp2\nlbYd5l02roVMNYPYK8ekQGkCAwEAAQ==\n-----END PUBLIC KEY-----\n",
            "rsa_bits": 4096
          },
          "sensitive_attributes": [],
          "private": "bnVsbA=="
        }
      ]
    }
  ]
}
